
Microsoft Visual Studio Solution File, Format Version 12.00
# Visual Studio Version 17
VisualStudioVersion = 17.11.35222.181
MinimumVisualStudioVersion = 10.0.40219.1
Project("{FAE04EC0-301F-11D3-BF4B-00C04F79EFBC}") = "WebApplication1", "WebApplication1.csproj", "{053701C5-69ED-408F-8548-26E6F8660A5D}"
EndProject
Global
	GlobalSection(SolutionConfigurationPlatforms) = preSolution
		Debug|Any CPU = Debug|Any CPU
		Release|Any CPU = Release|Any CPU
	EndGlobalSection
	GlobalSection(ProjectConfigurationPlatforms) = postSolution
		{053701C5-69ED-408F-8548-26E6F8660A5D}.Debug|Any CPU.ActiveCfg = Debug|Any CPU
		{053701C5-69ED-408F-8548-26E6F8660A5D}.Debug|Any CPU.Build.0 = Debug|Any CPU
		{053701C5-69ED-408F-8548-26E6F8660A5D}.Release|Any CPU.ActiveCfg = Release|Any CPU
		{053701C5-69ED-408F-8548-26E6F8660A5D}.Release|Any CPU.Build.0 = Release|Any CPU
	EndGlobalSection
	GlobalSection(SolutionProperties) = preSolution
		HideSolutionNode = FALSE
	EndGlobalSection
	GlobalSection(ExtensibilityGlobals) = postSolution
		SolutionGuid = {B99950CB-29C9-4270-858F-E8C5C57D3C84}
	EndGlobalSection
EndGlobal
